
Microsoft Visual Studio Solution File, Format Version 12.00
# Visual Studio Version 17
VisualStudioVersion = 17.5.002.0
MinimumVisualStudioVersion = 10.0.40219.1
Project("{9A19103F-16F7-4668-BE54-9A1E7A4F7556}") = "ProductsAPI", "ProductsAPI.csproj", "{9CA94226-EEE3-4E35-AC6B-84CFAB500E45}"
EndProject
Global
	GlobalSection(SolutionConfigurationPlatforms) = preSolution
		Debug|Any CPU = Debug|Any CPU
		Release|Any CPU = Release|Any CPU
	EndGlobalSection
	GlobalSection(ProjectConfigurationPlatforms) = postSolution
		{9CA94226-EEE3-4E35-AC6B-84CFAB500E45}.Debug|Any CPU.ActiveCfg = Debug|Any CPU
		{9CA94226-EEE3-4E35-AC6B-84CFAB500E45}.Debug|Any CPU.Build.0 = Debug|Any CPU
		{9CA94226-EEE3-4E35-AC6B-84CFAB500E45}.Release|Any CPU.ActiveCfg = Release|Any CPU
		{9CA94226-EEE3-4E35-AC6B-84CFAB500E45}.Release|Any CPU.Build.0 = Release|Any CPU
	EndGlobalSection
	GlobalSection(SolutionProperties) = preSolution
		HideSolutionNode = FALSE
	EndGlobalSection
	GlobalSection(ExtensibilityGlobals) = postSolution
		SolutionGuid = {288A1F92-41E1-405B-A765-3E413CEAE9F5}
	EndGlobalSection
EndGlobal
